// !$*UTF8*$!
{
	archiveVersion = 1;
	classes = {
	};
	objectVersion = 46;
	objects = {

/* Begin PBXBuildFile section */
		283EB60C2003A66D00E093EE /* BaseViewModel.swift in Sources */ = {isa = PBXBuildFile; fileRef = 283EB60B2003A66D00E093EE /* BaseViewModel.swift */; };
		607FACD61AFB9204008FA782 /* AppDelegate.swift in Sources */ = {isa = PBXBuildFile; fileRef = 607FACD51AFB9204008FA782 /* AppDelegate.swift */; };
		607FACDD1AFB9204008FA782 /* Images.xcassets in Resources */ = {isa = PBXBuildFile; fileRef = 607FACDC1AFB9204008FA782 /* Images.xcassets */; };
		607FACE01AFB9204008FA782 /* LaunchScreen.xib in Resources */ = {isa = PBXBuildFile; fileRef = 607FACDE1AFB9204008FA782 /* LaunchScreen.xib */; };
		964152D91FD80B610095D491 /* DIContainer.swift in Sources */ = {isa = PBXBuildFile; fileRef = 964152D81FD80B610095D491 /* DIContainer.swift */; };
		9668D6F91FD03FDB00472BD1 /* UIImage.swift in Sources */ = {isa = PBXBuildFile; fileRef = 9668D6F81FD03FDB00472BD1 /* UIImage.swift */; };
		96D655CF1FCEFABF000D0471 /* AppCoordination.swift in Sources */ = {isa = PBXBuildFile; fileRef = 96D655CE1FCEFABF000D0471 /* AppCoordination.swift */; };
		96D655D01FCEFFBF000D0471 /* FirstTabCoordinator.swift in Sources */ = {isa = PBXBuildFile; fileRef = 96D655C71FCEFA99000D0471 /* FirstTabCoordinator.swift */; };
		96D655D11FCEFFBF000D0471 /* FirstTabVC.swift in Sources */ = {isa = PBXBuildFile; fileRef = 96D655C81FCEFA99000D0471 /* FirstTabVC.swift */; };
		96D655D21FCEFFBF000D0471 /* FirstTabVM.swift in Sources */ = {isa = PBXBuildFile; fileRef = 96D655C91FCEFA99000D0471 /* FirstTabVM.swift */; };
		96D655D31FCEFFBF000D0471 /* IntroCoordinator.swift in Sources */ = {isa = PBXBuildFile; fileRef = 96D655CB1FCEFA9A000D0471 /* IntroCoordinator.swift */; };
		96D655D41FCEFFBF000D0471 /* IntroVC.swift in Sources */ = {isa = PBXBuildFile; fileRef = 96D655CC1FCEFA9A000D0471 /* IntroVC.swift */; };
		96D655D51FCEFFBF000D0471 /* IntroVM.swift in Sources */ = {isa = PBXBuildFile; fileRef = 96D655CD1FCEFA9A000D0471 /* IntroVM.swift */; };
		96D655D61FCEFFBF000D0471 /* NextCoordinator.swift in Sources */ = {isa = PBXBuildFile; fileRef = 96D655BF1FCEFA99000D0471 /* NextCoordinator.swift */; };
		96D655D71FCEFFBF000D0471 /* NextVC.swift in Sources */ = {isa = PBXBuildFile; fileRef = 96D655C01FCEFA99000D0471 /* NextVC.swift */; };
		96D655D81FCEFFBF000D0471 /* NextVM.swift in Sources */ = {isa = PBXBuildFile; fileRef = 96D655C11FCEFA99000D0471 /* NextVM.swift */; };
		96D655D91FCEFFBF000D0471 /* PopToCoordinator.swift in Sources */ = {isa = PBXBuildFile; fileRef = 96D655B31FCEFA99000D0471 /* PopToCoordinator.swift */; };
		96D655DA1FCEFFBF000D0471 /* PopToVC.swift in Sources */ = {isa = PBXBuildFile; fileRef = 96D655B41FCEFA99000D0471 /* PopToVC.swift */; };
		96D655DB1FCEFFBF000D0471 /* PopToVM.swift in Sources */ = {isa = PBXBuildFile; fileRef = 96D655B51FCEFA99000D0471 /* PopToVM.swift */; };
		96D655DC1FCEFFBF000D0471 /* SecondTabCoordinator.swift in Sources */ = {isa = PBXBuildFile; fileRef = 96D655B71FCEFA99000D0471 /* SecondTabCoordinator.swift */; };
		96D655DD1FCEFFBF000D0471 /* SecondTabVC.swift in Sources */ = {isa = PBXBuildFile; fileRef = 96D655B81FCEFA99000D0471 /* SecondTabVC.swift */; };
		96D655DE1FCEFFBF000D0471 /* SecondTabVM.swift in Sources */ = {isa = PBXBuildFile; fileRef = 96D655B91FCEFA99000D0471 /* SecondTabVM.swift */; };
		96D655DF1FCEFFBF000D0471 /* TabBarCoordinator.swift in Sources */ = {isa = PBXBuildFile; fileRef = 96D655BB1FCEFA99000D0471 /* TabBarCoordinator.swift */; };
		96D655E01FCEFFBF000D0471 /* TabBarVC.swift in Sources */ = {isa = PBXBuildFile; fileRef = 96D655BC1FCEFA99000D0471 /* TabBarVC.swift */; };
		96D655E11FCEFFBF000D0471 /* TabBarVM.swift in Sources */ = {isa = PBXBuildFile; fileRef = 96D655BD1FCEFA99000D0471 /* TabBarVM.swift */; };
		96D655E21FCEFFBF000D0471 /* ThirdTabCoordinator.swift in Sources */ = {isa = PBXBuildFile; fileRef = 96D655C31FCEFA99000D0471 /* ThirdTabCoordinator.swift */; };
		96D655E31FCEFFBF000D0471 /* ThirdTabVC.swift in Sources */ = {isa = PBXBuildFile; fileRef = 96D655C41FCEFA99000D0471 /* ThirdTabVC.swift */; };
		96D655E41FCEFFBF000D0471 /* ThirdTabVM.swift in Sources */ = {isa = PBXBuildFile; fileRef = 96D655C51FCEFA99000D0471 /* ThirdTabVM.swift */; };
		96D655E61FCF0920000D0471 /* AppScheme.xib in Resources */ = {isa = PBXBuildFile; fileRef = 96D655E51FCF0920000D0471 /* AppScheme.xib */; };
		96D655E81FCF0944000D0471 /* AppScheme.swift in Sources */ = {isa = PBXBuildFile; fileRef = 96D655E71FCF0944000D0471 /* AppScheme.swift */; };
		96DEBEF91FD15F8600926BBC /* BlueNavigationController.swift in Sources */ = {isa = PBXBuildFile; fileRef = 96DEBEF81FD15F8600926BBC /* BlueNavigationController.swift */; };
		96DEBEFB1FD15F9700926BBC /* PurpleNavigationController.swift in Sources */ = {isa = PBXBuildFile; fileRef = 96DEBEFA1FD15F9700926BBC /* PurpleNavigationController.swift */; };
		96DEBEFD1FD1637C00926BBC /* YellowTabBarController.swift in Sources */ = {isa = PBXBuildFile; fileRef = 96DEBEFC1FD1637C00926BBC /* YellowTabBarController.swift */; };
		AC0A8119E5C001B0EE62FE14 /* Pods_BBCoordinators_Example.framework in Frameworks */ = {isa = PBXBuildFile; fileRef = 1360B8A777678F615D2F5AB8 /* Pods_BBCoordinators_Example.framework */; };
/* End PBXBuildFile section */

/* Begin PBXFileReference section */
		1360B8A777678F615D2F5AB8 /* Pods_BBCoordinators_Example.framework */ = {isa = PBXFileReference; explicitFileType = wrapper.framework; includeInIndex = 0; path = Pods_BBCoordinators_Example.framework; sourceTree = BUILT_PRODUCTS_DIR; };
		26BE89CD98314BFE3188B7CD /* Pods-BBCoordinators_Tests.release.xcconfig */ = {isa = PBXFileReference; includeInIndex = 1; lastKnownFileType = text.xcconfig; name = "Pods-BBCoordinators_Tests.release.xcconfig"; path = "Pods/Target Support Files/Pods-BBCoordinators_Tests/Pods-BBCoordinators_Tests.release.xcconfig"; sourceTree = "<group>"; };
		283EB60B2003A66D00E093EE /* BaseViewModel.swift */ = {isa = PBXFileReference; lastKnownFileType = sourcecode.swift; path = BaseViewModel.swift; sourceTree = "<group>"; };
		474C1D29C19F25614E6E9BD2 /* Pods-BBCoordinators_Example.debug.xcconfig */ = {isa = PBXFileReference; includeInIndex = 1; lastKnownFileType = text.xcconfig; name = "Pods-BBCoordinators_Example.debug.xcconfig"; path = "Pods/Target Support Files/Pods-BBCoordinators_Example/Pods-BBCoordinators_Example.debug.xcconfig"; sourceTree = "<group>"; };
		5574026C34CBC0809899B5E7 /* LICENSE */ = {isa = PBXFileReference; includeInIndex = 1; lastKnownFileType = text; name = LICENSE; path = ../LICENSE; sourceTree = "<group>"; };
		57557016713D48747F833D27 /* Pods-BBCoordinators_Tests.debug.xcconfig */ = {isa = PBXFileReference; includeInIndex = 1; lastKnownFileType = text.xcconfig; name = "Pods-BBCoordinators_Tests.debug.xcconfig"; path = "Pods/Target Support Files/Pods-BBCoordinators_Tests/Pods-BBCoordinators_Tests.debug.xcconfig"; sourceTree = "<group>"; };
		5A810DB681934D8F9B5E1D4C /* BBCoordinators.podspec */ = {isa = PBXFileReference; includeInIndex = 1; lastKnownFileType = text; name = BBCoordinators.podspec; path = ../BBCoordinators.podspec; sourceTree = "<group>"; };
		5FD52391A13FFFB918111F03 /* Pods-BBCoordinators_Example.release.xcconfig */ = {isa = PBXFileReference; includeInIndex = 1; lastKnownFileType = text.xcconfig; name = "Pods-BBCoordinators_Example.release.xcconfig"; path = "Pods/Target Support Files/Pods-BBCoordinators_Example/Pods-BBCoordinators_Example.release.xcconfig"; sourceTree = "<group>"; };
		607FACD01AFB9204008FA782 /* BBCoordinators_Example.app */ = {isa = PBXFileReference; explicitFileType = wrapper.application; includeInIndex = 0; path = BBCoordinators_Example.app; sourceTree = BUILT_PRODUCTS_DIR; };
		607FACD41AFB9204008FA782 /* Info.plist */ = {isa = PBXFileReference; lastKnownFileType = text.plist.xml; path = Info.plist; sourceTree = "<group>"; };
		607FACD51AFB9204008FA782 /* AppDelegate.swift */ = {isa = PBXFileReference; lastKnownFileType = sourcecode.swift; path = AppDelegate.swift; sourceTree = "<group>"; };
		607FACDC1AFB9204008FA782 /* Images.xcassets */ = {isa = PBXFileReference; lastKnownFileType = folder.assetcatalog; path = Images.xcassets; sourceTree = "<group>"; };
		607FACDF1AFB9204008FA782 /* Base */ = {isa = PBXFileReference; lastKnownFileType = file.xib; name = Base; path = Base.lproj/LaunchScreen.xib; sourceTree = "<group>"; };
		607FACEA1AFB9204008FA782 /* Info.plist */ = {isa = PBXFileReference; lastKnownFileType = text.plist.xml; path = Info.plist; sourceTree = "<group>"; };
		607FACEB1AFB9204008FA782 /* Tests.swift */ = {isa = PBXFileReference; lastKnownFileType = sourcecode.swift; path = Tests.swift; sourceTree = "<group>"; };
		7E51833B294275D4105F69D3 /* Pods_BBCoordinators_Tests.framework */ = {isa = PBXFileReference; explicitFileType = wrapper.framework; includeInIndex = 0; path = Pods_BBCoordinators_Tests.framework; sourceTree = BUILT_PRODUCTS_DIR; };
		964152D81FD80B610095D491 /* DIContainer.swift */ = {isa = PBXFileReference; lastKnownFileType = sourcecode.swift; path = DIContainer.swift; sourceTree = "<group>"; };
		9668D6F81FD03FDB00472BD1 /* UIImage.swift */ = {isa = PBXFileReference; lastKnownFileType = sourcecode.swift; path = UIImage.swift; sourceTree = "<group>"; };
		96D655B31FCEFA99000D0471 /* PopToCoordinator.swift */ = {isa = PBXFileReference; lastKnownFileType = sourcecode.swift; path = PopToCoordinator.swift; sourceTree = "<group>"; };
		96D655B41FCEFA99000D0471 /* PopToVC.swift */ = {isa = PBXFileReference; lastKnownFileType = sourcecode.swift; path = PopToVC.swift; sourceTree = "<group>"; };
		96D655B51FCEFA99000D0471 /* PopToVM.swift */ = {isa = PBXFileReference; lastKnownFileType = sourcecode.swift; path = PopToVM.swift; sourceTree = "<group>"; };
		96D655B71FCEFA99000D0471 /* SecondTabCoordinator.swift */ = {isa = PBXFileReference; lastKnownFileType = sourcecode.swift; path = SecondTabCoordinator.swift; sourceTree = "<group>"; };
		96D655B81FCEFA99000D0471 /* SecondTabVC.swift */ = {isa = PBXFileReference; lastKnownFileType = sourcecode.swift; path = SecondTabVC.swift; sourceTree = "<group>"; };
		96D655B91FCEFA99000D0471 /* SecondTabVM.swift */ = {isa = PBXFileReference; lastKnownFileType = sourcecode.swift; path = SecondTabVM.swift; sourceTree = "<group>"; };
		96D655BB1FCEFA99000D0471 /* TabBarCoordinator.swift */ = {isa = PBXFileReference; lastKnownFileType = sourcecode.swift; path = TabBarCoordinator.swift; sourceTree = "<group>"; };
		96D655BC1FCEFA99000D0471 /* TabBarVC.swift */ = {isa = PBXFileReference; lastKnownFileType = sourcecode.swift; path = TabBarVC.swift; sourceTree = "<group>"; };
		96D655BD1FCEFA99000D0471 /* TabBarVM.swift */ = {isa = PBXFileReference; lastKnownFileType = sourcecode.swift; path = TabBarVM.swift; sourceTree = "<group>"; };
		96D655BF1FCEFA99000D0471 /* NextCoordinator.swift */ = {isa = PBXFileReference; lastKnownFileType = sourcecode.swift; path = NextCoordinator.swift; sourceTree = "<group>"; };
		96D655C01FCEFA99000D0471 /* NextVC.swift */ = {isa = PBXFileReference; lastKnownFileType = sourcecode.swift; path = NextVC.swift; sourceTree = "<group>"; };
		96D655C11FCEFA99000D0471 /* NextVM.swift */ = {isa = PBXFileReference; lastKnownFileType = sourcecode.swift; path = NextVM.swift; sourceTree = "<group>"; };
		96D655C31FCEFA99000D0471 /* ThirdTabCoordinator.swift */ = {isa = PBXFileReference; lastKnownFileType = sourcecode.swift; path = ThirdTabCoordinator.swift; sourceTree = "<group>"; };
		96D655C41FCEFA99000D0471 /* ThirdTabVC.swift */ = {isa = PBXFileReference; lastKnownFileType = sourcecode.swift; path = ThirdTabVC.swift; sourceTree = "<group>"; };
		96D655C51FCEFA99000D0471 /* ThirdTabVM.swift */ = {isa = PBXFileReference; lastKnownFileType = sourcecode.swift; path = ThirdTabVM.swift; sourceTree = "<group>"; };
		96D655C71FCEFA99000D0471 /* FirstTabCoordinator.swift */ = {isa = PBXFileReference; lastKnownFileType = sourcecode.swift; path = FirstTabCoordinator.swift; sourceTree = "<group>"; };
		96D655C81FCEFA99000D0471 /* FirstTabVC.swift */ = {isa = PBXFileReference; lastKnownFileType = sourcecode.swift; path = FirstTabVC.swift; sourceTree = "<group>"; };
		96D655C91FCEFA99000D0471 /* FirstTabVM.swift */ = {isa = PBXFileReference; lastKnownFileType = sourcecode.swift; path = FirstTabVM.swift; sourceTree = "<group>"; };
		96D655CB1FCEFA9A000D0471 /* IntroCoordinator.swift */ = {isa = PBXFileReference; lastKnownFileType = sourcecode.swift; path = IntroCoordinator.swift; sourceTree = "<group>"; };
		96D655CC1FCEFA9A000D0471 /* IntroVC.swift */ = {isa = PBXFileReference; lastKnownFileType = sourcecode.swift; path = IntroVC.swift; sourceTree = "<group>"; };
		96D655CD1FCEFA9A000D0471 /* IntroVM.swift */ = {isa = PBXFileReference; lastKnownFileType = sourcecode.swift; path = IntroVM.swift; sourceTree = "<group>"; };
		96D655CE1FCEFABF000D0471 /* AppCoordination.swift */ = {isa = PBXFileReference; lastKnownFileType = sourcecode.swift; path = AppCoordination.swift; sourceTree = "<group>"; };
		96D655E51FCF0920000D0471 /* AppScheme.xib */ = {isa = PBXFileReference; lastKnownFileType = file.xib; path = AppScheme.xib; sourceTree = "<group>"; };
		96D655E71FCF0944000D0471 /* AppScheme.swift */ = {isa = PBXFileReference; lastKnownFileType = sourcecode.swift; path = AppScheme.swift; sourceTree = "<group>"; };
		96DEBEF81FD15F8600926BBC /* BlueNavigationController.swift */ = {isa = PBXFileReference; lastKnownFileType = sourcecode.swift; path = BlueNavigationController.swift; sourceTree = "<group>"; };
		96DEBEFA1FD15F9700926BBC /* PurpleNavigationController.swift */ = {isa = PBXFileReference; lastKnownFileType = sourcecode.swift; path = PurpleNavigationController.swift; sourceTree = "<group>"; };
		96DEBEFC1FD1637C00926BBC /* YellowTabBarController.swift */ = {isa = PBXFileReference; lastKnownFileType = sourcecode.swift; path = YellowTabBarController.swift; sourceTree = "<group>"; };
		C89BC978EAF9D624ADD6804A /* README.md */ = {isa = PBXFileReference; includeInIndex = 1; lastKnownFileType = net.daringfireball.markdown; name = README.md; path = ../README.md; sourceTree = "<group>"; };
/* End PBXFileReference section */

/* Begin PBXFrameworksBuildPhase section */
		607FACCD1AFB9204008FA782 /* Frameworks */ = {
			isa = PBXFrameworksBuildPhase;
			buildActionMask = 2147483647;
			files = (
				AC0A8119E5C001B0EE62FE14 /* Pods_BBCoordinators_Example.framework in Frameworks */,
			);
			runOnlyForDeploymentPostprocessing = 0;
		};
/* End PBXFrameworksBuildPhase section */

/* Begin PBXGroup section */
		2B52BA625DD467034ED718CC /* Pods */ = {
			isa = PBXGroup;
			children = (
				474C1D29C19F25614E6E9BD2 /* Pods-BBCoordinators_Example.debug.xcconfig */,
				5FD52391A13FFFB918111F03 /* Pods-BBCoordinators_Example.release.xcconfig */,
				57557016713D48747F833D27 /* Pods-BBCoordinators_Tests.debug.xcconfig */,
				26BE89CD98314BFE3188B7CD /* Pods-BBCoordinators_Tests.release.xcconfig */,
			);
			name = Pods;
			sourceTree = "<group>";
		};
		607FACC71AFB9204008FA782 = {
			isa = PBXGroup;
			children = (
				607FACF51AFB993E008FA782 /* Podspec Metadata */,
				607FACD21AFB9204008FA782 /* Example for BBCoordinators */,
				607FACE81AFB9204008FA782 /* Tests */,
				607FACD11AFB9204008FA782 /* Products */,
				2B52BA625DD467034ED718CC /* Pods */,
				AC80BD34D135AA5862CDEFD6 /* Frameworks */,
			);
			sourceTree = "<group>";
		};
		607FACD11AFB9204008FA782 /* Products */ = {
			isa = PBXGroup;
			children = (
				607FACD01AFB9204008FA782 /* BBCoordinators_Example.app */,
			);
			name = Products;
			sourceTree = "<group>";
		};
		607FACD21AFB9204008FA782 /* Example for BBCoordinators */ = {
			isa = PBXGroup;
			children = (
				96D655B11FCEF9E8000D0471 /* Core */,
				964152D61FD807990095D491 /* Common */,
				9668D6F71FD03FCD00472BD1 /* Extensions */,
				607FACD31AFB9204008FA782 /* Supporting Files */,
			);
			name = "Example for BBCoordinators";
			path = BBCoordinators;
			sourceTree = "<group>";
		};
		607FACD31AFB9204008FA782 /* Supporting Files */ = {
			isa = PBXGroup;
			children = (
				607FACDC1AFB9204008FA782 /* Images.xcassets */,
				607FACDE1AFB9204008FA782 /* LaunchScreen.xib */,
				607FACD41AFB9204008FA782 /* Info.plist */,
			);
			path = "Supporting Files";
			sourceTree = "<group>";
		};
		607FACE81AFB9204008FA782 /* Tests */ = {
			isa = PBXGroup;
			children = (
				607FACEB1AFB9204008FA782 /* Tests.swift */,
				607FACE91AFB9204008FA782 /* Supporting Files */,
			);
			path = Tests;
			sourceTree = "<group>";
		};
		607FACE91AFB9204008FA782 /* Supporting Files */ = {
			isa = PBXGroup;
			children = (
				607FACEA1AFB9204008FA782 /* Info.plist */,
			);
			name = "Supporting Files";
			sourceTree = "<group>";
		};
		607FACF51AFB993E008FA782 /* Podspec Metadata */ = {
			isa = PBXGroup;
			children = (
				5A810DB681934D8F9B5E1D4C /* BBCoordinators.podspec */,
				C89BC978EAF9D624ADD6804A /* README.md */,
				5574026C34CBC0809899B5E7 /* LICENSE */,
			);
			name = "Podspec Metadata";
			sourceTree = "<group>";
		};
		964152D61FD807990095D491 /* Common */ = {
			isa = PBXGroup;
			children = (
				964152D71FD80B510095D491 /* DependencyInjection */,
				283EB60B2003A66D00E093EE /* BaseViewModel.swift */,
			);
			path = Common;
			sourceTree = "<group>";
		};
		964152D71FD80B510095D491 /* DependencyInjection */ = {
			isa = PBXGroup;
			children = (
				964152D81FD80B610095D491 /* DIContainer.swift */,
			);
			path = DependencyInjection;
			sourceTree = "<group>";
		};
		9668D6F71FD03FCD00472BD1 /* Extensions */ = {
			isa = PBXGroup;
			children = (
				9668D6F81FD03FDB00472BD1 /* UIImage.swift */,
			);
			path = Extensions;
			sourceTree = "<group>";
		};
		96D655B01FCEF9DE000D0471 /* App */ = {
			isa = PBXGroup;
			children = (
				96DEBEF11FD15F2700926BBC /* Navigation */,
				96D655E51FCF0920000D0471 /* AppScheme.xib */,
				96D655E71FCF0944000D0471 /* AppScheme.swift */,
				96D655CE1FCEFABF000D0471 /* AppCoordination.swift */,
				607FACD51AFB9204008FA782 /* AppDelegate.swift */,
			);
			path = App;
			sourceTree = "<group>";
		};
		96D655B11FCEF9E8000D0471 /* Core */ = {
			isa = PBXGroup;
			children = (
				96D655C61FCEFA99000D0471 /* FirstTab */,
				96D655CA1FCEFA9A000D0471 /* Intro */,
				96D655BE1FCEFA99000D0471 /* Next */,
				96D655B21FCEFA99000D0471 /* PopTo */,
				96D655B61FCEFA99000D0471 /* SecondTab */,
				96D655BA1FCEFA99000D0471 /* TabBar */,
				96D655C21FCEFA99000D0471 /* ThirdTab */,
				96D655B01FCEF9DE000D0471 /* App */,
			);
			path = Core;
			sourceTree = "<group>";
		};
		96D655B21FCEFA99000D0471 /* PopTo */ = {
			isa = PBXGroup;
			children = (
				96D655B31FCEFA99000D0471 /* PopToCoordinator.swift */,
				96D655B41FCEFA99000D0471 /* PopToVC.swift */,
				96D655B51FCEFA99000D0471 /* PopToVM.swift */,
			);
			path = PopTo;
			sourceTree = "<group>";
		};
		96D655B61FCEFA99000D0471 /* SecondTab */ = {
			isa = PBXGroup;
			children = (
				96D655B71FCEFA99000D0471 /* SecondTabCoordinator.swift */,
				96D655B81FCEFA99000D0471 /* SecondTabVC.swift */,
				96D655B91FCEFA99000D0471 /* SecondTabVM.swift */,
			);
			path = SecondTab;
			sourceTree = "<group>";
		};
		96D655BA1FCEFA99000D0471 /* TabBar */ = {
			isa = PBXGroup;
			children = (
				96D655BB1FCEFA99000D0471 /* TabBarCoordinator.swift */,
				96D655BC1FCEFA99000D0471 /* TabBarVC.swift */,
				96D655BD1FCEFA99000D0471 /* TabBarVM.swift */,
			);
			path = TabBar;
			sourceTree = "<group>";
		};
		96D655BE1FCEFA99000D0471 /* Next */ = {
			isa = PBXGroup;
			children = (
				96D655BF1FCEFA99000D0471 /* NextCoordinator.swift */,
				96D655C01FCEFA99000D0471 /* NextVC.swift */,
				96D655C11FCEFA99000D0471 /* NextVM.swift */,
			);
			path = Next;
			sourceTree = "<group>";
		};
		96D655C21FCEFA99000D0471 /* ThirdTab */ = {
			isa = PBXGroup;
			children = (
				96D655C31FCEFA99000D0471 /* ThirdTabCoordinator.swift */,
				96D655C41FCEFA99000D0471 /* ThirdTabVC.swift */,
				96D655C51FCEFA99000D0471 /* ThirdTabVM.swift */,
			);
			path = ThirdTab;
			sourceTree = "<group>";
		};
		96D655C61FCEFA99000D0471 /* FirstTab */ = {
			isa = PBXGroup;
			children = (
				96D655C71FCEFA99000D0471 /* FirstTabCoordinator.swift */,
				96D655C81FCEFA99000D0471 /* FirstTabVC.swift */,
				96D655C91FCEFA99000D0471 /* FirstTabVM.swift */,
			);
			path = FirstTab;
			sourceTree = "<group>";
		};
		96D655CA1FCEFA9A000D0471 /* Intro */ = {
			isa = PBXGroup;
			children = (
				96D655CB1FCEFA9A000D0471 /* IntroCoordinator.swift */,
				96D655CC1FCEFA9A000D0471 /* IntroVC.swift */,
				96D655CD1FCEFA9A000D0471 /* IntroVM.swift */,
			);
			path = Intro;
			sourceTree = "<group>";
		};
		96DEBEF11FD15F2700926BBC /* Navigation */ = {
			isa = PBXGroup;
			children = (
				96DEBEF81FD15F8600926BBC /* BlueNavigationController.swift */,
				96DEBEFA1FD15F9700926BBC /* PurpleNavigationController.swift */,
				96DEBEFC1FD1637C00926BBC /* YellowTabBarController.swift */,
			);
			path = Navigation;
			sourceTree = "<group>";
		};
		AC80BD34D135AA5862CDEFD6 /* Frameworks */ = {
			isa = PBXGroup;
			children = (
				1360B8A777678F615D2F5AB8 /* Pods_BBCoordinators_Example.framework */,
				7E51833B294275D4105F69D3 /* Pods_BBCoordinators_Tests.framework */,
			);
			name = Frameworks;
			sourceTree = "<group>";
		};
/* End PBXGroup section */

/* Begin PBXNativeTarget section */
		607FACCF1AFB9204008FA782 /* BBCoordinators_Example */ = {
			isa = PBXNativeTarget;
			buildConfigurationList = 607FACEF1AFB9204008FA782 /* Build configuration list for PBXNativeTarget "BBCoordinators_Example" */;
			buildPhases = (
				6DD40AB225C63CCF56E5321E /* [CP] Check Pods Manifest.lock */,
				607FACCC1AFB9204008FA782 /* Sources */,
				607FACCD1AFB9204008FA782 /* Frameworks */,
				607FACCE1AFB9204008FA782 /* Resources */,
				FB10884C3174181612E41DAF /* [CP] Embed Pods Frameworks */,
				AFE04F839D9D9BF6FEA5E95F /* [CP] Copy Pods Resources */,
			);
			buildRules = (
			);
			dependencies = (
			);
			name = BBCoordinators_Example;
			productName = BBCoordinators;
			productReference = 607FACD01AFB9204008FA782 /* BBCoordinators_Example.app */;
			productType = "com.apple.product-type.application";
		};
/* End PBXNativeTarget section */

/* Begin PBXProject section */
		607FACC81AFB9204008FA782 /* Project object */ = {
			isa = PBXProject;
			attributes = {
				LastSwiftUpdateCheck = 0830;
				LastUpgradeCheck = 0830;
				ORGANIZATIONNAME = CocoaPods;
				TargetAttributes = {
					607FACCF1AFB9204008FA782 = {
						CreatedOnToolsVersion = 6.3.1;
						LastSwiftMigration = 0900;
					};
				};
			};
			buildConfigurationList = 607FACCB1AFB9204008FA782 /* Build configuration list for PBXProject "BBCoordinators" */;
			compatibilityVersion = "Xcode 3.2";
			developmentRegion = English;
			hasScannedForEncodings = 0;
			knownRegions = (
				en,
				Base,
			);
			mainGroup = 607FACC71AFB9204008FA782;
			productRefGroup = 607FACD11AFB9204008FA782 /* Products */;
			projectDirPath = "";
			projectRoot = "";
			targets = (
				607FACCF1AFB9204008FA782 /* BBCoordinators_Example */,
			);
		};
/* End PBXProject section */

/* Begin PBXResourcesBuildPhase section */
		607FACCE1AFB9204008FA782 /* Resources */ = {
			isa = PBXResourcesBuildPhase;
			buildActionMask = 2147483647;
			files = (
				96D655E61FCF0920000D0471 /* AppScheme.xib in Resources */,
				607FACE01AFB9204008FA782 /* LaunchScreen.xib in Resources */,
				607FACDD1AFB9204008FA782 /* Images.xcassets in Resources */,
			);
			runOnlyForDeploymentPostprocessing = 0;
		};
/* End PBXResourcesBuildPhase section */

/* Begin PBXShellScriptBuildPhase section */
		6DD40AB225C63CCF56E5321E /* [CP] Check Pods Manifest.lock */ = {
			isa = PBXShellScriptBuildPhase;
			buildActionMask = 2147483647;
			files = (
			);
			inputPaths = (
				"${PODS_PODFILE_DIR_PATH}/Podfile.lock",
				"${PODS_ROOT}/Manifest.lock",
			);
			name = "[CP] Check Pods Manifest.lock";
			outputPaths = (
				"$(DERIVED_FILE_DIR)/Pods-BBCoordinators_Example-checkManifestLockResult.txt",
			);
			runOnlyForDeploymentPostprocessing = 0;
			shellPath = /bin/sh;
			shellScript = "diff \"${PODS_PODFILE_DIR_PATH}/Podfile.lock\" \"${PODS_ROOT}/Manifest.lock\" > /dev/null\nif [ $? != 0 ] ; then\n    # print error to STDERR\n    echo \"error: The sandbox is not in sync with the Podfile.lock. Run 'pod install' or update your CocoaPods installation.\" >&2\n    exit 1\nfi\n# This output is used by Xcode 'outputs' to avoid re-running this script phase.\necho \"SUCCESS\" > \"${SCRIPT_OUTPUT_FILE_0}\"\n";
			showEnvVarsInLog = 0;
		};
		AFE04F839D9D9BF6FEA5E95F /* [CP] Copy Pods Resources */ = {
			isa = PBXShellScriptBuildPhase;
			buildActionMask = 2147483647;
			files = (
			);
			inputPaths = (
			);
			name = "[CP] Copy Pods Resources";
			outputPaths = (
			);
			runOnlyForDeploymentPostprocessing = 0;
			shellPath = /bin/sh;
			shellScript = "\"${SRCROOT}/Pods/Target Support Files/Pods-BBCoordinators_Example/Pods-BBCoordinators_Example-resources.sh\"\n";
			showEnvVarsInLog = 0;
		};
		FB10884C3174181612E41DAF /* [CP] Embed Pods Frameworks */ = {
			isa = PBXShellScriptBuildPhase;
			buildActionMask = 2147483647;
			files = (
			);
			inputPaths = (
				"${SRCROOT}/Pods/Target Support Files/Pods-BBCoordinators_Example/Pods-BBCoordinators_Example-frameworks.sh",
				"${BUILT_PRODUCTS_DIR}/BBCoordinators/BBCoordinators.framework",
				"${BUILT_PRODUCTS_DIR}/Swinject/Swinject.framework",
			);
			name = "[CP] Embed Pods Frameworks";
			outputPaths = (
				"${TARGET_BUILD_DIR}/${FRAMEWORKS_FOLDER_PATH}/BBCoordinators.framework",
				"${TARGET_BUILD_DIR}/${FRAMEWORKS_FOLDER_PATH}/Swinject.framework",
			);
			runOnlyForDeploymentPostprocessing = 0;
			shellPath = /bin/sh;
			shellScript = "\"${SRCROOT}/Pods/Target Support Files/Pods-BBCoordinators_Example/Pods-BBCoordinators_Example-frameworks.sh\"\n";
			showEnvVarsInLog = 0;
		};
/* End PBXShellScriptBuildPhase section */

/* Begin PBXSourcesBuildPhase section */
		607FACCC1AFB9204008FA782 /* Sources */ = {
			isa = PBXSourcesBuildPhase;
			buildActionMask = 2147483647;
			files = (
				96D655D31FCEFFBF000D0471 /* IntroCoordinator.swift in Sources */,
				9668D6F91FD03FDB00472BD1 /* UIImage.swift in Sources */,
				96D655D21FCEFFBF000D0471 /* FirstTabVM.swift in Sources */,
				96D655D41FCEFFBF000D0471 /* IntroVC.swift in Sources */,
				96D655DB1FCEFFBF000D0471 /* PopToVM.swift in Sources */,
				96D655D71FCEFFBF000D0471 /* NextVC.swift in Sources */,
				964152D91FD80B610095D491 /* DIContainer.swift in Sources */,
				96D655D81FCEFFBF000D0471 /* NextVM.swift in Sources */,
				96D655DA1FCEFFBF000D0471 /* PopToVC.swift in Sources */,
				96D655CF1FCEFABF000D0471 /* AppCoordination.swift in Sources */,
				96D655E81FCF0944000D0471 /* AppScheme.swift in Sources */,
				283EB60C2003A66D00E093EE /* BaseViewModel.swift in Sources */,
				96DEBEFB1FD15F9700926BBC /* PurpleNavigationController.swift in Sources */,
				96D655DD1FCEFFBF000D0471 /* SecondTabVC.swift in Sources */,
				96D655E01FCEFFBF000D0471 /* TabBarVC.swift in Sources */,
				96D655D51FCEFFBF000D0471 /* IntroVM.swift in Sources */,
				96D655D01FCEFFBF000D0471 /* FirstTabCoordinator.swift in Sources */,
				96D655E11FCEFFBF000D0471 /* TabBarVM.swift in Sources */,
				96D655D61FCEFFBF000D0471 /* NextCoordinator.swift in Sources */,
				96D655DE1FCEFFBF000D0471 /* SecondTabVM.swift in Sources */,
				607FACD61AFB9204008FA782 /* AppDelegate.swift in Sources */,
				96D655E31FCEFFBF000D0471 /* ThirdTabVC.swift in Sources */,
				96D655E41FCEFFBF000D0471 /* ThirdTabVM.swift in Sources */,
				96D655DF1FCEFFBF000D0471 /* TabBarCoordinator.swift in Sources */,
				96DEBEF91FD15F8600926BBC /* BlueNavigationController.swift in Sources */,
				96D655D11FCEFFBF000D0471 /* FirstTabVC.swift in Sources */,
				96D655DC1FCEFFBF000D0471 /* SecondTabCoordinator.swift in Sources */,
				96D655D91FCEFFBF000D0471 /* PopToCoordinator.swift in Sources */,
				96D655E21FCEFFBF000D0471 /* ThirdTabCoordinator.swift in Sources */,
				96DEBEFD1FD1637C00926BBC /* YellowTabBarController.swift in Sources */,
			);
			runOnlyForDeploymentPostprocessing = 0;
		};
/* End PBXSourcesBuildPhase section */

/* Begin PBXVariantGroup section */
		607FACDE1AFB9204008FA782 /* LaunchScreen.xib */ = {
			isa = PBXVariantGroup;
			children = (
				607FACDF1AFB9204008FA782 /* Base */,
			);
			name = LaunchScreen.xib;
			sourceTree = "<group>";
		};
/* End PBXVariantGroup section */

/* Begin XCBuildConfiguration section */
		607FACED1AFB9204008FA782 /* Debug */ = {
			isa = XCBuildConfiguration;
			buildSettings = {
				ALWAYS_SEARCH_USER_PATHS = NO;
				CLANG_CXX_LANGUAGE_STANDARD = "gnu++0x";
				CLANG_CXX_LIBRARY = "libc++";
				CLANG_ENABLE_MODULES = YES;
				CLANG_ENABLE_OBJC_ARC = YES;
				CLANG_WARN_BLOCK_CAPTURE_AUTORELEASING = YES;
				CLANG_WARN_BOOL_CONVERSION = YES;
				CLANG_WARN_COMMA = YES;
				CLANG_WARN_CONSTANT_CONVERSION = YES;
				CLANG_WARN_DIRECT_OBJC_ISA_USAGE = YES_ERROR;
				CLANG_WARN_EMPTY_BODY = YES;
				CLANG_WARN_ENUM_CONVERSION = YES;
				CLANG_WARN_INFINITE_RECURSION = YES;
				CLANG_WARN_INT_CONVERSION = YES;
				CLANG_WARN_NON_LITERAL_NULL_CONVERSION = YES;
				CLANG_WARN_OBJC_LITERAL_CONVERSION = YES;
				CLANG_WARN_OBJC_ROOT_CLASS = YES_ERROR;
				CLANG_WARN_RANGE_LOOP_ANALYSIS = YES;
				CLANG_WARN_STRICT_PROTOTYPES = YES;
				CLANG_WARN_SUSPICIOUS_MOVE = YES;
				CLANG_WARN_UNREACHABLE_CODE = YES;
				CLANG_WARN__DUPLICATE_METHOD_MATCH = YES;
				"CODE_SIGN_IDENTITY[sdk=iphoneos*]" = "iPhone Developer";
				COPY_PHASE_STRIP = NO;
				DEBUG_INFORMATION_FORMAT = "dwarf-with-dsym";
				ENABLE_STRICT_OBJC_MSGSEND = YES;
				ENABLE_TESTABILITY = YES;
				GCC_C_LANGUAGE_STANDARD = gnu99;
				GCC_DYNAMIC_NO_PIC = NO;
				GCC_NO_COMMON_BLOCKS = YES;
				GCC_OPTIMIZATION_LEVEL = 0;
				GCC_PREPROCESSOR_DEFINITIONS = (
					"DEBUG=1",
					"$(inherited)",
				);
				GCC_SYMBOLS_PRIVATE_EXTERN = NO;
				GCC_WARN_64_TO_32_BIT_CONVERSION = YES;
				GCC_WARN_ABOUT_RETURN_TYPE = YES_ERROR;
				GCC_WARN_UNDECLARED_SELECTOR = YES;
				GCC_WARN_UNINITIALIZED_AUTOS = YES_AGGRESSIVE;
				GCC_WARN_UNUSED_FUNCTION = YES;
				GCC_WARN_UNUSED_VARIABLE = YES;
				IPHONEOS_DEPLOYMENT_TARGET = 9.3;
				MTL_ENABLE_DEBUG_INFO = YES;
				ONLY_ACTIVE_ARCH = YES;
				SDKROOT = iphoneos;
				SWIFT_OPTIMIZATION_LEVEL = "-Onone";
			};
			name = Debug;
		};
		607FACEE1AFB9204008FA782 /* Release */ = {
			isa = XCBuildConfiguration;
			buildSettings = {
				ALWAYS_SEARCH_USER_PATHS = NO;
				CLANG_CXX_LANGUAGE_STANDARD = "gnu++0x";
				CLANG_CXX_LIBRARY = "libc++";
				CLANG_ENABLE_MODULES = YES;
				CLANG_ENABLE_OBJC_ARC = YES;
				CLANG_WARN_BLOCK_CAPTURE_AUTORELEASING = YES;
				CLANG_WARN_BOOL_CONVERSION = YES;
				CLANG_WARN_COMMA = YES;
				CLANG_WARN_CONSTANT_CONVERSION = YES;
				CLANG_WARN_DIRECT_OBJC_ISA_USAGE = YES_ERROR;
				CLANG_WARN_EMPTY_BODY = YES;
				CLANG_WARN_ENUM_CONVERSION = YES;
				CLANG_WARN_INFINITE_RECURSION = YES;
				CLANG_WARN_INT_CONVERSION = YES;
				CLANG_WARN_NON_LITERAL_NULL_CONVERSION = YES;
				CLANG_WARN_OBJC_LITERAL_CONVERSION = YES;
				CLANG_WARN_OBJC_ROOT_CLASS = YES_ERROR;
				CLANG_WARN_RANGE_LOOP_ANALYSIS = YES;
				CLANG_WARN_STRICT_PROTOTYPES = YES;
				CLANG_WARN_SUSPICIOUS_MOVE = YES;
				CLANG_WARN_UNREACHABLE_CODE = YES;
				CLANG_WARN__DUPLICATE_METHOD_MATCH = YES;
				"CODE_SIGN_IDENTITY[sdk=iphoneos*]" = "iPhone Developer";
				COPY_PHASE_STRIP = NO;
				DEBUG_INFORMATION_FORMAT = "dwarf-with-dsym";
				ENABLE_NS_ASSERTIONS = NO;
				ENABLE_STRICT_OBJC_MSGSEND = YES;
				GCC_C_LANGUAGE_STANDARD = gnu99;
				GCC_NO_COMMON_BLOCKS = YES;
				GCC_WARN_64_TO_32_BIT_CONVERSION = YES;
				GCC_WARN_ABOUT_RETURN_TYPE = YES_ERROR;
				GCC_WARN_UNDECLARED_SELECTOR = YES;
				GCC_WARN_UNINITIALIZED_AUTOS = YES_AGGRESSIVE;
				GCC_WARN_UNUSED_FUNCTION = YES;
				GCC_WARN_UNUSED_VARIABLE = YES;
				IPHONEOS_DEPLOYMENT_TARGET = 9.3;
				MTL_ENABLE_DEBUG_INFO = NO;
				SDKROOT = iphoneos;
				SWIFT_OPTIMIZATION_LEVEL = "-Owholemodule";
				VALIDATE_PRODUCT = YES;
			};
			name = Release;
		};
		607FACF01AFB9204008FA782 /* Debug */ = {
			isa = XCBuildConfiguration;
			baseConfigurationReference = 474C1D29C19F25614E6E9BD2 /* Pods-BBCoordinators_Example.debug.xcconfig */;
			buildSettings = {
				ASSETCATALOG_COMPILER_APPICON_NAME = AppIcon;
				DEVELOPMENT_TEAM = "";
				INFOPLIST_FILE = "BBCoordinators/Supporting Files/Info.plist";
				LD_RUNPATH_SEARCH_PATHS = "$(inherited) @executable_path/Frameworks";
				MODULE_NAME = ExampleApp;
				PRODUCT_BUNDLE_IDENTIFIER = "org.cocoapods.demo.$(PRODUCT_NAME:rfc1034identifier)";
				PRODUCT_NAME = "$(TARGET_NAME)";
				SWIFT_SWIFT3_OBJC_INFERENCE = Default;
				SWIFT_VERSION = 4.0;
			};
			name = Debug;
		};
		607FACF11AFB9204008FA782 /* Release */ = {
			isa = XCBuildConfiguration;
			baseConfigurationReference = 5FD52391A13FFFB918111F03 /* Pods-BBCoordinators_Example.release.xcconfig */;
			buildSettings = {
				ASSETCATALOG_COMPILER_APPICON_NAME = AppIcon;
				DEVELOPMENT_TEAM = "";
				INFOPLIST_FILE = "BBCoordinators/Supporting Files/Info.plist";
				LD_RUNPATH_SEARCH_PATHS = "$(inherited) @executable_path/Frameworks";
				MODULE_NAME = ExampleApp;
				PRODUCT_BUNDLE_IDENTIFIER = "org.cocoapods.demo.$(PRODUCT_NAME:rfc1034identifier)";
				PRODUCT_NAME = "$(TARGET_NAME)";
				SWIFT_SWIFT3_OBJC_INFERENCE = Default;
				SWIFT_VERSION = 4.0;
			};
			name = Release;
		};
/* End XCBuildConfiguration section */

/* Begin XCConfigurationList section */
		607FACCB1AFB9204008FA782 /* Build configuration list for PBXProject "BBCoordinators" */ = {
			isa = XCConfigurationList;
			buildConfigurations = (
				607FACED1AFB9204008FA782 /* Debug */,
				607FACEE1AFB9204008FA782 /* Release */,
			);
			defaultConfigurationIsVisible = 0;
			defaultConfigurationName = Release;
		};
		607FACEF1AFB9204008FA782 /* Build configuration list for PBXNativeTarget "BBCoordinators_Example" */ = {
			isa = XCConfigurationList;
			buildConfigurations = (
				607FACF01AFB9204008FA782 /* Debug */,
				607FACF11AFB9204008FA782 /* Release */,
			);
			defaultConfigurationIsVisible = 0;
			defaultConfigurationName = Release;
		};
/* End XCConfigurationList section */
	};
	rootObject = 607FACC81AFB9204008FA782 /* Project object */;
}
